
Microsoft Visual Studio Solution File, Format Version 12.00
# Visual Studio Version 16
VisualStudioVersion = 16.0.34114.132
MinimumVisualStudioVersion = 10.0.40219.1
Project("{FAE04EC0-301F-11D3-BF4B-00C04F79EFBC}") = "Haftalık Hava Durumu", "Hava Durumu\Haftalık Hava Durumu.csproj", "{6CF06857-4331-4929-9D39-A7970F71FB8B}"
EndProject
Global
	GlobalSection(SolutionConfigurationPlatforms) = preSolution
		Debug|Any CPU = Debug|Any CPU
		Release|Any CPU = Release|Any CPU
	EndGlobalSection
	GlobalSection(ProjectConfigurationPlatforms) = postSolution
		{6CF06857-4331-4929-9D39-A7970F71FB8B}.Debug|Any CPU.ActiveCfg = Debug|Any CPU
		{6CF06857-4331-4929-9D39-A7970F71FB8B}.Debug|Any CPU.Build.0 = Debug|Any CPU
		{6CF06857-4331-4929-9D39-A7970F71FB8B}.Release|Any CPU.ActiveCfg = Release|Any CPU
		{6CF06857-4331-4929-9D39-A7970F71FB8B}.Release|Any CPU.Build.0 = Release|Any CPU
	EndGlobalSection
	GlobalSection(SolutionProperties) = preSolution
		HideSolutionNode = FALSE
	EndGlobalSection
	GlobalSection(ExtensibilityGlobals) = postSolution
		SolutionGuid = {03B21E1D-F341-4444-A1FD-4FEAC882DB37}
	EndGlobalSection
EndGlobal
